<?xml version="1.0" encoding="UTF-8" standalone="yes" ?>
<CodeBlocks_project_file>
	<FileVersion major="1" minor="6" />
	<Project>
		<Option title="DavisrsHW4a" />
		<Option pch_mode="2" />
		<Option compiler="gcc" />
		<Build>
			<Target title="Release Win32">
				<Option output="DavisrsHW4a" prefix_auto="1" extension_auto="1" />
				<Option type="0" />
				<Option compiler="gcc" />
				<Compiler>
					<Add option="-DWIN32" />
					<Add option="-DNDEBUG" />
				</Compiler>
			</Target>
			<Target title="Debug Win32">
				<Option output="DavisrsHW4a" prefix_auto="1" extension_auto="1" />
				<Option type="0" />
				<Option compiler="gcc" />
				<Compiler>
					<Add option="-DWIN32" />
					<Add option="-D_DEBUG" />
				</Compiler>
			</Target>
		</Build>
		<Unit filename="DavisrsHW4a.cpp" />
		<Unit filename="app.rc" />
		<Unit filename="board.cpp" />
		<Unit filename="board.h" />
		<Unit filename="card.cpp" />
		<Unit filename="card.h" />
		<Unit filename="resource.h" />
		<Unit filename="stdafx.cpp" />
		<Unit filename="stdafx.h" />
		<Extensions>
			<code_completion />
			<debugger />
		</Extensions>
	</Project>
</CodeBlocks_project_file>
